
Microsoft Visual Studio Solution File, Format Version 12.00
# Visual Studio Version 17
VisualStudioVersion = 17.12.35527.113 d17.12
MinimumVisualStudioVersion = 10.0.40219.1
Project("{FAE04EC0-301F-11D3-BF4B-00C04F79EFBC}") = "UIAutomationExample", "UIAutomationExample\UIAutomationExample.csproj", "{838173D3-2E80-497C-91C3-0A811890107A}"
EndProject
Project("{FAE04EC0-301F-11D3-BF4B-00C04F79EFBC}") = "WindowsFormsApp", "WindowsFormsApp\WindowsFormsApp.csproj", "{66D7EC68-43A1-48AD-B51D-BD8672E3A0C1}"
EndProject
Global
	GlobalSection(SolutionConfigurationPlatforms) = preSolution
		Debug|Any CPU = Debug|Any CPU
		Release|Any CPU = Release|Any CPU
	EndGlobalSection
	GlobalSection(ProjectConfigurationPlatforms) = postSolution
		{838173D3-2E80-497C-91C3-0A811890107A}.Debug|Any CPU.ActiveCfg = Debug|Any CPU
		{838173D3-2E80-497C-91C3-0A811890107A}.Debug|Any CPU.Build.0 = Debug|Any CPU
		{838173D3-2E80-497C-91C3-0A811890107A}.Release|Any CPU.ActiveCfg = Release|Any CPU
		{838173D3-2E80-497C-91C3-0A811890107A}.Release|Any CPU.Build.0 = Release|Any CPU
		{66D7EC68-43A1-48AD-B51D-BD8672E3A0C1}.Debug|Any CPU.ActiveCfg = Debug|Any CPU
		{66D7EC68-43A1-48AD-B51D-BD8672E3A0C1}.Debug|Any CPU.Build.0 = Debug|Any CPU
		{66D7EC68-43A1-48AD-B51D-BD8672E3A0C1}.Release|Any CPU.ActiveCfg = Release|Any CPU
		{66D7EC68-43A1-48AD-B51D-BD8672E3A0C1}.Release|Any CPU.Build.0 = Release|Any CPU
	EndGlobalSection
	GlobalSection(SolutionProperties) = preSolution
		HideSolutionNode = FALSE
	EndGlobalSection
EndGlobal
